
Microsoft Visual Studio Solution File, Format Version 12.00
# Visual Studio Version 17
VisualStudioVersion = 17.8.34408.163
MinimumVisualStudioVersion = 10.0.40219.1
Project("{8BC9CEB8-8B4A-11D0-8D11-00A0C91BC942}") = "Lab_6", "Lab_6.vcxproj", "{ED0C3894-1639-4671-A677-79BF6FF70C9A}"
EndProject
Global
	GlobalSection(SolutionConfigurationPlatforms) = preSolution
		Debug|x64 = Debug|x64
		Debug|x86 = Debug|x86
		Release|x64 = Release|x64
		Release|x86 = Release|x86
	EndGlobalSection
	GlobalSection(ProjectConfigurationPlatforms) = postSolution
		{ED0C3894-1639-4671-A677-79BF6FF70C9A}.Debug|x64.ActiveCfg = Debug|x64
		{ED0C3894-1639-4671-A677-79BF6FF70C9A}.Debug|x64.Build.0 = Debug|x64
		{ED0C3894-1639-4671-A677-79BF6FF70C9A}.Debug|x86.ActiveCfg = Debug|Win32
		{ED0C3894-1639-4671-A677-79BF6FF70C9A}.Debug|x86.Build.0 = Debug|Win32
		{ED0C3894-1639-4671-A677-79BF6FF70C9A}.Release|x64.ActiveCfg = Release|x64
		{ED0C3894-1639-4671-A677-79BF6FF70C9A}.Release|x64.Build.0 = Release|x64
		{ED0C3894-1639-4671-A677-79BF6FF70C9A}.Release|x86.ActiveCfg = Release|Win32
		{ED0C3894-1639-4671-A677-79BF6FF70C9A}.Release|x86.Build.0 = Release|Win32
	EndGlobalSection
	GlobalSection(SolutionProperties) = preSolution
		HideSolutionNode = FALSE
	EndGlobalSection
	GlobalSection(ExtensibilityGlobals) = postSolution
		SolutionGuid = {B04281DE-9B8B-4BDB-A53B-E3D9A5AE201E}
	EndGlobalSection
EndGlobal
